
Microsoft Visual Studio Solution File, Format Version 12.00
# Visual Studio 2013
VisualStudioVersion = 12.0.40629.0
MinimumVisualStudioVersion = 10.0.40219.1
Project("{FAE04EC0-301F-11D3-BF4B-00C04F79EFBC}") = "FirmamentClient", "FirmamentClient.csproj", "{12256FA5-997E-491C-A8FA-171D3D047849}"
EndProject
Global
	GlobalSection(SolutionConfigurationPlatforms) = preSolution
		Debug|Any CPU = Debug|Any CPU
		Release|Any CPU = Release|Any CPU
	EndGlobalSection
	GlobalSection(ProjectConfigurationPlatforms) = postSolution
		{12256FA5-997E-491C-A8FA-171D3D047849}.Debug|Any CPU.ActiveCfg = Debug|Any CPU
		{12256FA5-997E-491C-A8FA-171D3D047849}.Debug|Any CPU.Build.0 = Debug|Any CPU
		{12256FA5-997E-491C-A8FA-171D3D047849}.Release|Any CPU.ActiveCfg = Release|Any CPU
		{12256FA5-997E-491C-A8FA-171D3D047849}.Release|Any CPU.Build.0 = Release|Any CPU
	EndGlobalSection
	GlobalSection(SolutionProperties) = preSolution
		HideSolutionNode = FALSE
	EndGlobalSection
EndGlobal
